// !$*UTF8*$!
{
	archiveVersion = 1;
	classes = {
	};
	objectVersion = 56;
	objects = {

/* Begin PBXBuildFile section */
		04E2964229E96C600071B3F8 /* tinkoffApp.swift in Sources */ = {isa = PBXBuildFile; fileRef = 04E2964129E96C600071B3F8 /* tinkoffApp.swift */; };
		04E2964429E96C600071B3F8 /* ContentView.swift in Sources */ = {isa = PBXBuildFile; fileRef = 04E2964329E96C600071B3F8 /* ContentView.swift */; };
		04E2964629E96C640071B3F8 /* Assets.xcassets in Resources */ = {isa = PBXBuildFile; fileRef = 04E2964529E96C640071B3F8 /* Assets.xcassets */; };
		04E2964929E96C640071B3F8 /* Preview Assets.xcassets in Resources */ = {isa = PBXBuildFile; fileRef = 04E2964829E96C640071B3F8 /* Preview Assets.xcassets */; };
		04E2965329E96C650071B3F8 /* tinkoffTests.swift in Sources */ = {isa = PBXBuildFile; fileRef = 04E2965229E96C650071B3F8 /* tinkoffTests.swift */; };
		04E2965D29E96C650071B3F8 /* tinkoffUITests.swift in Sources */ = {isa = PBXBuildFile; fileRef = 04E2965C29E96C650071B3F8 /* tinkoffUITests.swift */; };
		04E2965F29E96C650071B3F8 /* tinkoffUITestsLaunchTests.swift in Sources */ = {isa = PBXBuildFile; fileRef = 04E2965E29E96C650071B3F8 /* tinkoffUITestsLaunchTests.swift */; };
/* End PBXBuildFile section */

/* Begin PBXContainerItemProxy section */
		04E2964F29E96C640071B3F8 /* PBXContainerItemProxy */ = {
			isa = PBXContainerItemProxy;
			containerPortal = 04E2963629E96C600071B3F8 /* Project object */;
			proxyType = 1;
			remoteGlobalIDString = 04E2963D29E96C600071B3F8;
			remoteInfo = tinkoff;
		};
		04E2965929E96C650071B3F8 /* PBXContainerItemProxy */ = {
			isa = PBXContainerItemProxy;
			containerPortal = 04E2963629E96C600071B3F8 /* Project object */;
			proxyType = 1;
			remoteGlobalIDString = 04E2963D29E96C600071B3F8;
			remoteInfo = tinkoff;
		};
/* End PBXContainerItemProxy section */

/* Begin PBXFileReference section */
		04E2963E29E96C600071B3F8 /* tinkoff.app */ = {isa = PBXFileReference; explicitFileType = wrapper.application; includeInIndex = 0; path = tinkoff.app; sourceTree = BUILT_PRODUCTS_DIR; };
		04E2964129E96C600071B3F8 /* tinkoffApp.swift */ = {isa = PBXFileReference; lastKnownFileType = sourcecode.swift; path = tinkoffApp.swift; sourceTree = "<group>"; };
		04E2964329E96C600071B3F8 /* ContentView.swift */ = {isa = PBXFileReference; lastKnownFileType = sourcecode.swift; path = ContentView.swift; sourceTree = "<group>"; };
		04E2964529E96C640071B3F8 /* Assets.xcassets */ = {isa = PBXFileReference; lastKnownFileType = folder.assetcatalog; path = Assets.xcassets; sourceTree = "<group>"; };
		04E2964829E96C640071B3F8 /* Preview Assets.xcassets */ = {isa = PBXFileReference; lastKnownFileType = folder.assetcatalog; path = "Preview Assets.xcassets"; sourceTree = "<group>"; };
		04E2964E29E96C640071B3F8 /* tinkoffTests.xctest */ = {isa = PBXFileReference; explicitFileType = wrapper.cfbundle; includeInIndex = 0; path = tinkoffTests.xctest; sourceTree = BUILT_PRODUCTS_DIR; };
		04E2965229E96C650071B3F8 /* tinkoffTests.swift */ = {isa = PBXFileReference; lastKnownFileType = sourcecode.swift; path = tinkoffTests.swift; sourceTree = "<group>"; };
		04E2965829E96C650071B3F8 /* tinkoffUITests.xctest */ = {isa = PBXFileReference; explicitFileType = wrapper.cfbundle; includeInIndex = 0; path = tinkoffUITests.xctest; sourceTree = BUILT_PRODUCTS_DIR; };
		04E2965C29E96C650071B3F8 /* tinkoffUITests.swift */ = {isa = PBXFileReference; lastKnownFileType = sourcecode.swift; path = tinkoffUITests.swift; sourceTree = "<group>"; };
		04E2965E29E96C650071B3F8 /* tinkoffUITestsLaunchTests.swift */ = {isa = PBXFileReference; lastKnownFileType = sourcecode.swift; path = tinkoffUITestsLaunchTests.swift; sourceTree = "<group>"; };
/* End PBXFileReference section */

/* Begin PBXFrameworksBuildPhase section */
		04E2963B29E96C600071B3F8 /* Frameworks */ = {
			isa = PBXFrameworksBuildPhase;
			buildActionMask = 2147483647;
			files = (
			);
			runOnlyForDeploymentPostprocessing = 0;
		};
		04E2964B29E96C640071B3F8 /* Frameworks */ = {
			isa = PBXFrameworksBuildPhase;
			buildActionMask = 2147483647;
			files = (
			);
			runOnlyForDeploymentPostprocessing = 0;
		};
		04E2965529E96C650071B3F8 /* Frameworks */ = {
			isa = PBXFrameworksBuildPhase;
			buildActionMask = 2147483647;
			files = (
			);
			runOnlyForDeploymentPostprocessing = 0;
		};
/* End PBXFrameworksBuildPhase section */

/* Begin PBXGroup section */
		04E2963529E96C600071B3F8 = {
			isa = PBXGroup;
			children = (
				04E2964029E96C600071B3F8 /* tinkoff */,
				04E2965129E96C650071B3F8 /* tinkoffTests */,
				04E2965B29E96C650071B3F8 /* tinkoffUITests */,
				04E2963F29E96C600071B3F8 /* Products */,
			);
			sourceTree = "<group>";
		};
		04E2963F29E96C600071B3F8 /* Products */ = {
			isa = PBXGroup;
			children = (
				04E2963E29E96C600071B3F8 /* tinkoff.app */,
				04E2964E29E96C640071B3F8 /* tinkoffTests.xctest */,
				04E2965829E96C650071B3F8 /* tinkoffUITests.xctest */,
			);
			name = Products;
			sourceTree = "<group>";
		};
		04E2964029E96C600071B3F8 /* tinkoff */ = {
			isa = PBXGroup;
			children = (
				04E2964729E96C640071B3F8 /* Preview Content */,
				04E2964129E96C600071B3F8 /* tinkoffApp.swift */,
				04E2964529E96C640071B3F8 /* Assets.xcassets */,
				04E2964329E96C600071B3F8 /* ContentView.swift */,
			);
			path = tinkoff;
			sourceTree = "<group>";
		};
		04E2964729E96C640071B3F8 /* Preview Content */ = {
			isa = PBXGroup;
			children = (
				04E2964829E96C640071B3F8 /* Preview Assets.xcassets */,
			);
			path = "Preview Content";
			sourceTree = "<group>";
		};
		04E2965129E96C650071B3F8 /* tinkoffTests */ = {
			isa = PBXGroup;
			children = (
				04E2965229E96C650071B3F8 /* tinkoffTests.swift */,
			);
			path = tinkoffTests;
			sourceTree = "<group>";
		};
		04E2965B29E96C650071B3F8 /* tinkoffUITests */ = {
			isa = PBXGroup;
			children = (
				04E2965C29E96C650071B3F8 /* tinkoffUITests.swift */,
				04E2965E29E96C650071B3F8 /* tinkoffUITestsLaunchTests.swift */,
			);
			path = tinkoffUITests;
			sourceTree = "<group>";
		};
/* End PBXGroup section */

/* Begin PBXNativeTarget section */
		04E2963D29E96C600071B3F8 /* tinkoff */ = {
			isa = PBXNativeTarget;
			buildConfigurationList = 04E2966229E96C650071B3F8 /* Build configuration list for PBXNativeTarget "tinkoff" */;
			buildPhases = (
				04E2963A29E96C600071B3F8 /* Sources */,
				04E2963B29E96C600071B3F8 /* Frameworks */,
				04E2963C29E96C600071B3F8 /* Resources */,
			);
			buildRules = (
			);
			dependencies = (
			);
			name = tinkoff;
			productName = tinkoff;
			productReference = 04E2963E29E96C600071B3F8 /* tinkoff.app */;
			productType = "com.apple.product-type.application";
		};
		04E2964D29E96C640071B3F8 /* tinkoffTests */ = {
			isa = PBXNativeTarget;
			buildConfigurationList = 04E2966529E96C650071B3F8 /* Build configuration list for PBXNativeTarget "tinkoffTests" */;
			buildPhases = (
				04E2964A29E96C640071B3F8 /* Sources */,
				04E2964B29E96C640071B3F8 /* Frameworks */,
				04E2964C29E96C640071B3F8 /* Resources */,
			);
			buildRules = (
			);
			dependencies = (
				04E2965029E96C640071B3F8 /* PBXTargetDependency */,
			);
			name = tinkoffTests;
			productName = tinkoffTests;
			productReference = 04E2964E29E96C640071B3F8 /* tinkoffTests.xctest */;
			productType = "com.apple.product-type.bundle.unit-test";
		};
		04E2965729E96C650071B3F8 /* tinkoffUITests */ = {
			isa = PBXNativeTarget;
			buildConfigurationList = 04E2966829E96C650071B3F8 /* Build configuration list for PBXNativeTarget "tinkoffUITests" */;
			buildPhases = (
				04E2965429E96C650071B3F8 /* Sources */,
				04E2965529E96C650071B3F8 /* Frameworks */,
				04E2965629E96C650071B3F8 /* Resources */,
			);
			buildRules = (
			);
			dependencies = (
				04E2965A29E96C650071B3F8 /* PBXTargetDependency */,
			);
			name = tinkoffUITests;
			productName = tinkoffUITests;
			productReference = 04E2965829E96C650071B3F8 /* tinkoffUITests.xctest */;
			productType = "com.apple.product-type.bundle.ui-testing";
		};
/* End PBXNativeTarget section */

/* Begin PBXProject section */
		04E2963629E96C600071B3F8 /* Project object */ = {
			isa = PBXProject;
			attributes = {
				BuildIndependentTargetsInParallel = 1;
				LastSwiftUpdateCheck = 1420;
				LastUpgradeCheck = 1420;
				TargetAttributes = {
					04E2963D29E96C600071B3F8 = {
						CreatedOnToolsVersion = 14.2;
					};
					04E2964D29E96C640071B3F8 = {
						CreatedOnToolsVersion = 14.2;
						TestTargetID = 04E2963D29E96C600071B3F8;
					};
					04E2965729E96C650071B3F8 = {
						CreatedOnToolsVersion = 14.2;
						TestTargetID = 04E2963D29E96C600071B3F8;
					};
				};
			};
			buildConfigurationList = 04E2963929E96C600071B3F8 /* Build configuration list for PBXProject "tinkoff" */;
			compatibilityVersion = "Xcode 14.0";
			developmentRegion = en;
			hasScannedForEncodings = 0;
			knownRegions = (
				en,
				Base,
			);
			mainGroup = 04E2963529E96C600071B3F8;
			productRefGroup = 04E2963F29E96C600071B3F8 /* Products */;
			projectDirPath = "";
			projectRoot = "";
			targets = (
				04E2963D29E96C600071B3F8 /* tinkoff */,
				04E2964D29E96C640071B3F8 /* tinkoffTests */,
				04E2965729E96C650071B3F8 /* tinkoffUITests */,
			);
		};
/* End PBXProject section */

/* Begin PBXResourcesBuildPhase section */
		04E2963C29E96C600071B3F8 /* Resources */ = {
			isa = PBXResourcesBuildPhase;
			buildActionMask = 2147483647;
			files = (
				04E2964929E96C640071B3F8 /* Preview Assets.xcassets in Resources */,
				04E2964629E96C640071B3F8 /* Assets.xcassets in Resources */,
			);
			runOnlyForDeploymentPostprocessing = 0;
		};
		04E2964C29E96C640071B3F8 /* Resources */ = {
			isa = PBXResourcesBuildPhase;
			buildActionMask = 2147483647;
			files = (
			);
			runOnlyForDeploymentPostprocessing = 0;
		};
		04E2965629E96C650071B3F8 /* Resources */ = {
			isa = PBXResourcesBuildPhase;
			buildActionMask = 2147483647;
			files = (
			);
			runOnlyForDeploymentPostprocessing = 0;
		};
/* End PBXResourcesBuildPhase section */

/* Begin PBXSourcesBuildPhase section */
		04E2963A29E96C600071B3F8 /* Sources */ = {
			isa = PBXSourcesBuildPhase;
			buildActionMask = 2147483647;
			files = (
				04E2964429E96C600071B3F8 /* ContentView.swift in Sources */,
				04E2964229E96C600071B3F8 /* tinkoffApp.swift in Sources */,
			);
			runOnlyForDeploymentPostprocessing = 0;
		};
		04E2964A29E96C640071B3F8 /* Sources */ = {
			isa = PBXSourcesBuildPhase;
			buildActionMask = 2147483647;
			files = (
				04E2965329E96C650071B3F8 /* tinkoffTests.swift in Sources */,
			);
			runOnlyForDeploymentPostprocessing = 0;
		};
		04E2965429E96C650071B3F8 /* Sources */ = {
			isa = PBXSourcesBuildPhase;
			buildActionMask = 2147483647;
			files = (
				04E2965F29E96C650071B3F8 /* tinkoffUITestsLaunchTests.swift in Sources */,
				04E2965D29E96C650071B3F8 /* tinkoffUITests.swift in Sources */,
			);
			runOnlyForDeploymentPostprocessing = 0;
		};
/* End PBXSourcesBuildPhase section */

/* Begin PBXTargetDependency section */
		04E2965029E96C640071B3F8 /* PBXTargetDependency */ = {
			isa = PBXTargetDependency;
			target = 04E2963D29E96C600071B3F8 /* tinkoff */;
			targetProxy = 04E2964F29E96C640071B3F8 /* PBXContainerItemProxy */;
		};
		04E2965A29E96C650071B3F8 /* PBXTargetDependency */ = {
			isa = PBXTargetDependency;
			target = 04E2963D29E96C600071B3F8 /* tinkoff */;
			targetProxy = 04E2965929E96C650071B3F8 /* PBXContainerItemProxy */;
		};
/* End PBXTargetDependency section */

/* Begin XCBuildConfiguration section */
		04E2966029E96C650071B3F8 /* Debug */ = {
			isa = XCBuildConfiguration;
			buildSettings = {
				ALWAYS_SEARCH_USER_PATHS = NO;
				CLANG_ANALYZER_NONNULL = YES;
				CLANG_ANALYZER_NUMBER_OBJECT_CONVERSION = YES_AGGRESSIVE;
				CLANG_CXX_LANGUAGE_STANDARD = "gnu++20";
				CLANG_ENABLE_MODULES = YES;
				CLANG_ENABLE_OBJC_ARC = YES;
				CLANG_ENABLE_OBJC_WEAK = YES;
				CLANG_WARN_BLOCK_CAPTURE_AUTORELEASING = YES;
				CLANG_WARN_BOOL_CONVERSION = YES;
				CLANG_WARN_COMMA = YES;
				CLANG_WARN_CONSTANT_CONVERSION = YES;
				CLANG_WARN_DEPRECATED_OBJC_IMPLEMENTATIONS = YES;
				CLANG_WARN_DIRECT_OBJC_ISA_USAGE = YES_ERROR;
				CLANG_WARN_DOCUMENTATION_COMMENTS = YES;
				CLANG_WARN_EMPTY_BODY = YES;
				CLANG_WARN_ENUM_CONVERSION = YES;
				CLANG_WARN_INFINITE_RECURSION = YES;
				CLANG_WARN_INT_CONVERSION = YES;
				CLANG_WARN_NON_LITERAL_NULL_CONVERSION = YES;
				CLANG_WARN_OBJC_IMPLICIT_RETAIN_SELF = YES;
				CLANG_WARN_OBJC_LITERAL_CONVERSION = YES;
				CLANG_WARN_OBJC_ROOT_CLASS = YES_ERROR;
				CLANG_WARN_QUOTED_INCLUDE_IN_FRAMEWORK_HEADER = YES;
				CLANG_WARN_RANGE_LOOP_ANALYSIS = YES;
				CLANG_WARN_STRICT_PROTOTYPES = YES;
				CLANG_WARN_SUSPICIOUS_MOVE = YES;
				CLANG_WARN_UNGUARDED_AVAILABILITY = YES_AGGRESSIVE;
				CLANG_WARN_UNREACHABLE_CODE = YES;
				CLANG_WARN__DUPLICATE_METHOD_MATCH = YES;
				COPY_PHASE_STRIP = NO;
				DEBUG_INFORMATION_FORMAT = dwarf;
				ENABLE_STRICT_OBJC_MSGSEND = YES;
				ENABLE_TESTABILITY = YES;
				GCC_C_LANGUAGE_STANDARD = gnu11;
				GCC_DYNAMIC_NO_PIC = NO;
				GCC_NO_COMMON_BLOCKS = YES;
				GCC_OPTIMIZATION_LEVEL = 0;
				GCC_PREPROCESSOR_DEFINITIONS = (
					"DEBUG=1",
					"$(inherited)",
				);
				GCC_WARN_64_TO_32_BIT_CONVERSION = YES;
				GCC_WARN_ABOUT_RETURN_TYPE = YES_ERROR;
				GCC_WARN_UNDECLARED_SELECTOR = YES;
				GCC_WARN_UNINITIALIZED_AUTOS = YES_AGGRESSIVE;
				GCC_WARN_UNUSED_FUNCTION = YES;
				GCC_WARN_UNUSED_VARIABLE = YES;
				IPHONEOS_DEPLOYMENT_TARGET = 16.2;
				MTL_ENABLE_DEBUG_INFO = INCLUDE_SOURCE;
				MTL_FAST_MATH = YES;
				ONLY_ACTIVE_ARCH = YES;
				SDKROOT = iphoneos;
				SWIFT_ACTIVE_COMPILATION_CONDITIONS = DEBUG;
				SWIFT_OPTIMIZATION_LEVEL = "-Onone";
			};
			name = Debug;
		};
		04E2966129E96C650071B3F8 /* Release */ = {
			isa = XCBuildConfiguration;
			buildSettings = {
				ALWAYS_SEARCH_USER_PATHS = NO;
				CLANG_ANALYZER_NONNULL = YES;
				CLANG_ANALYZER_NUMBER_OBJECT_CONVERSION = YES_AGGRESSIVE;
				CLANG_CXX_LANGUAGE_STANDARD = "gnu++20";
				CLANG_ENABLE_MODULES = YES;
				CLANG_ENABLE_OBJC_ARC = YES;
				CLANG_ENABLE_OBJC_WEAK = YES;
				CLANG_WARN_BLOCK_CAPTURE_AUTORELEASING = YES;
				CLANG_WARN_BOOL_CONVERSION = YES;
				CLANG_WARN_COMMA = YES;
				CLANG_WARN_CONSTANT_CONVERSION = YES;
				CLANG_WARN_DEPRECATED_OBJC_IMPLEMENTATIONS = YES;
				CLANG_WARN_DIRECT_OBJC_ISA_USAGE = YES_ERROR;
				CLANG_WARN_DOCUMENTATION_COMMENTS = YES;
				CLANG_WARN_EMPTY_BODY = YES;
				CLANG_WARN_ENUM_CONVERSION = YES;
				CLANG_WARN_INFINITE_RECURSION = YES;
				CLANG_WARN_INT_CONVERSION = YES;
				CLANG_WARN_NON_LITERAL_NULL_CONVERSION = YES;
				CLANG_WARN_OBJC_IMPLICIT_RETAIN_SELF = YES;
				CLANG_WARN_OBJC_LITERAL_CONVERSION = YES;
				CLANG_WARN_OBJC_ROOT_CLASS = YES_ERROR;
				CLANG_WARN_QUOTED_INCLUDE_IN_FRAMEWORK_HEADER = YES;
				CLANG_WARN_RANGE_LOOP_ANALYSIS = YES;
				CLANG_WARN_STRICT_PROTOTYPES = YES;
				CLANG_WARN_SUSPICIOUS_MOVE = YES;
				CLANG_WARN_UNGUARDED_AVAILABILITY = YES_AGGRESSIVE;
				CLANG_WARN_UNREACHABLE_CODE = YES;
				CLANG_WARN__DUPLICATE_METHOD_MATCH = YES;
				COPY_PHASE_STRIP = NO;
				DEBUG_INFORMATION_FORMAT = "dwarf-with-dsym";
				ENABLE_NS_ASSERTIONS = NO;
				ENABLE_STRICT_OBJC_MSGSEND = YES;
				GCC_C_LANGUAGE_STANDARD = gnu11;
				GCC_NO_COMMON_BLOCKS = YES;
				GCC_WARN_64_TO_32_BIT_CONVERSION = YES;
				GCC_WARN_ABOUT_RETURN_TYPE = YES_ERROR;
				GCC_WARN_UNDECLARED_SELECTOR = YES;
				GCC_WARN_UNINITIALIZED_AUTOS = YES_AGGRESSIVE;
				GCC_WARN_UNUSED_FUNCTION = YES;
				GCC_WARN_UNUSED_VARIABLE = YES;
				IPHONEOS_DEPLOYMENT_TARGET = 16.2;
				MTL_ENABLE_DEBUG_INFO = NO;
				MTL_FAST_MATH = YES;
				SDKROOT = iphoneos;
				SWIFT_COMPILATION_MODE = wholemodule;
				SWIFT_OPTIMIZATION_LEVEL = "-O";
				VALIDATE_PRODUCT = YES;
			};
			name = Release;
		};
		04E2966329E96C650071B3F8 /* Debug */ = {
			isa = XCBuildConfiguration;
			buildSettings = {
				ASSETCATALOG_COMPILER_APPICON_NAME = AppIcon;
				ASSETCATALOG_COMPILER_GLOBAL_ACCENT_COLOR_NAME = AccentColor;
				ASSETCATALOG_COMPILER_INCLUDE_ALL_APPICON_ASSETS = NO;
				CODE_SIGN_STYLE = Automatic;
				CURRENT_PROJECT_VERSION = 1;
				DEVELOPMENT_ASSET_PATHS = "\"tinkoff/Preview Content\"";
				DEVELOPMENT_TEAM = 2A88Q2T4FJ;
				ENABLE_PREVIEWS = YES;
				GENERATE_INFOPLIST_FILE = YES;
				INFOPLIST_KEY_UIApplicationSceneManifest_Generation = YES;
				INFOPLIST_KEY_UIApplicationSupportsIndirectInputEvents = YES;
				INFOPLIST_KEY_UILaunchScreen_Generation = YES;
				INFOPLIST_KEY_UISupportedInterfaceOrientations = UIInterfaceOrientationPortrait;
				IPHONEOS_DEPLOYMENT_TARGET = 15.2;
				LD_RUNPATH_SEARCH_PATHS = (
					"$(inherited)",
					"@executable_path/Frameworks",
				);
				MARKETING_VERSION = 1.0;
				PRODUCT_BUNDLE_IDENTIFIER = Foxenwerr.tinkoff;
				PRODUCT_NAME = "$(TARGET_NAME)";
				SWIFT_EMIT_LOC_STRINGS = YES;
				SWIFT_VERSION = 5.0;
				TARGETED_DEVICE_FAMILY = "1,2";
			};
			name = Debug;
		};
		04E2966429E96C650071B3F8 /* Release */ = {
			isa = XCBuildConfiguration;
			buildSettings = {
				ASSETCATALOG_COMPILER_APPICON_NAME = AppIcon;
				ASSETCATALOG_COMPILER_GLOBAL_ACCENT_COLOR_NAME = AccentColor;
				ASSETCATALOG_COMPILER_INCLUDE_ALL_APPICON_ASSETS = NO;
				CODE_SIGN_STYLE = Automatic;
				CURRENT_PROJECT_VERSION = 1;
				DEVELOPMENT_ASSET_PATHS = "\"tinkoff/Preview Content\"";
				DEVELOPMENT_TEAM = 2A88Q2T4FJ;
				ENABLE_PREVIEWS = YES;
				GENERATE_INFOPLIST_FILE = YES;
				INFOPLIST_KEY_UIApplicationSceneManifest_Generation = YES;
				INFOPLIST_KEY_UIApplicationSupportsIndirectInputEvents = YES;
				INFOPLIST_KEY_UILaunchScreen_Generation = YES;
				INFOPLIST_KEY_UISupportedInterfaceOrientations = UIInterfaceOrientationPortrait;
				IPHONEOS_DEPLOYMENT_TARGET = 15.2;
				LD_RUNPATH_SEARCH_PATHS = (
					"$(inherited)",
					"@executable_path/Frameworks",
				);
				MARKETING_VERSION = 1.0;
				PRODUCT_BUNDLE_IDENTIFIER = Foxenwerr.tinkoff;
				PRODUCT_NAME = "$(TARGET_NAME)";
				SWIFT_EMIT_LOC_STRINGS = YES;
				SWIFT_VERSION = 5.0;
				TARGETED_DEVICE_FAMILY = "1,2";
			};
			name = Release;
		};
		04E2966629E96C650071B3F8 /* Debug */ = {
			isa = XCBuildConfiguration;
			buildSettings = {
				ALWAYS_EMBED_SWIFT_STANDARD_LIBRARIES = YES;
				BUNDLE_LOADER = "$(TEST_HOST)";
				CODE_SIGN_STYLE = Automatic;
				CURRENT_PROJECT_VERSION = 1;
				DEVELOPMENT_TEAM = 2A88Q2T4FJ;
				GENERATE_INFOPLIST_FILE = YES;
				IPHONEOS_DEPLOYMENT_TARGET = 16.2;
				MARKETING_VERSION = 1.0;
				PRODUCT_BUNDLE_IDENTIFIER = Foxenwerr.tinkoffTests;
				PRODUCT_NAME = "$(TARGET_NAME)";
				SWIFT_EMIT_LOC_STRINGS = NO;
				SWIFT_VERSION = 5.0;
				TARGETED_DEVICE_FAMILY = "1,2";
				TEST_HOST = "$(BUILT_PRODUCTS_DIR)/tinkoff.app/$(BUNDLE_EXECUTABLE_FOLDER_PATH)/tinkoff";
			};
			name = Debug;
		};
		04E2966729E96C650071B3F8 /* Release */ = {
			isa = XCBuildConfiguration;
			buildSettings = {
				ALWAYS_EMBED_SWIFT_STANDARD_LIBRARIES = YES;
				BUNDLE_LOADER = "$(TEST_HOST)";
				CODE_SIGN_STYLE = Automatic;
				CURRENT_PROJECT_VERSION = 1;
				DEVELOPMENT_TEAM = 2A88Q2T4FJ;
				GENERATE_INFOPLIST_FILE = YES;
				IPHONEOS_DEPLOYMENT_TARGET = 16.2;
				MARKETING_VERSION = 1.0;
				PRODUCT_BUNDLE_IDENTIFIER = Foxenwerr.tinkoffTests;
				PRODUCT_NAME = "$(TARGET_NAME)";
				SWIFT_EMIT_LOC_STRINGS = NO;
				SWIFT_VERSION = 5.0;
				TARGETED_DEVICE_FAMILY = "1,2";
				TEST_HOST = "$(BUILT_PRODUCTS_DIR)/tinkoff.app/$(BUNDLE_EXECUTABLE_FOLDER_PATH)/tinkoff";
			};
			name = Release;
		};
		04E2966929E96C650071B3F8 /* Debug */ = {
			isa = XCBuildConfiguration;
			buildSettings = {
				ALWAYS_EMBED_SWIFT_STANDARD_LIBRARIES = YES;
				CODE_SIGN_STYLE = Automatic;
				CURRENT_PROJECT_VERSION = 1;
				DEVELOPMENT_TEAM = 2A88Q2T4FJ;
				GENERATE_INFOPLIST_FILE = YES;
				MARKETING_VERSION = 1.0;
				PRODUCT_BUNDLE_IDENTIFIER = Foxenwerr.tinkoffUITests;
				PRODUCT_NAME = "$(TARGET_NAME)";
				SWIFT_EMIT_LOC_STRINGS = NO;
				SWIFT_VERSION = 5.0;
				TARGETED_DEVICE_FAMILY = "1,2";
				TEST_TARGET_NAME = tinkoff;
			};
			name = Debug;
		};
		04E2966A29E96C650071B3F8 /* Release */ = {
			isa = XCBuildConfiguration;
			buildSettings = {
				ALWAYS_EMBED_SWIFT_STANDARD_LIBRARIES = YES;
				CODE_SIGN_STYLE = Automatic;
				CURRENT_PROJECT_VERSION = 1;
				DEVELOPMENT_TEAM = 2A88Q2T4FJ;
				GENERATE_INFOPLIST_FILE = YES;
				MARKETING_VERSION = 1.0;
				PRODUCT_BUNDLE_IDENTIFIER = Foxenwerr.tinkoffUITests;
				PRODUCT_NAME = "$(TARGET_NAME)";
				SWIFT_EMIT_LOC_STRINGS = NO;
				SWIFT_VERSION = 5.0;
				TARGETED_DEVICE_FAMILY = "1,2";
				TEST_TARGET_NAME = tinkoff;
			};
			name = Release;
		};
/* End XCBuildConfiguration section */

/* Begin XCConfigurationList section */
		04E2963929E96C600071B3F8 /* Build configuration list for PBXProject "tinkoff" */ = {
			isa = XCConfigurationList;
			buildConfigurations = (
				04E2966029E96C650071B3F8 /* Debug */,
				04E2966129E96C650071B3F8 /* Release */,
			);
			defaultConfigurationIsVisible = 0;
			defaultConfigurationName = Release;
		};
		04E2966229E96C650071B3F8 /* Build configuration list for PBXNativeTarget "tinkoff" */ = {
			isa = XCConfigurationList;
			buildConfigurations = (
				04E2966329E96C650071B3F8 /* Debug */,
				04E2966429E96C650071B3F8 /* Release */,
			);
			defaultConfigurationIsVisible = 0;
			defaultConfigurationName = Release;
		};
		04E2966529E96C650071B3F8 /* Build configuration list for PBXNativeTarget "tinkoffTests" */ = {
			isa = XCConfigurationList;
			buildConfigurations = (
				04E2966629E96C650071B3F8 /* Debug */,
				04E2966729E96C650071B3F8 /* Release */,
			);
			defaultConfigurationIsVisible = 0;
			defaultConfigurationName = Release;
		};
		04E2966829E96C650071B3F8 /* Build configuration list for PBXNativeTarget "tinkoffUITests" */ = {
			isa = XCConfigurationList;
			buildConfigurations = (
				04E2966929E96C650071B3F8 /* Debug */,
				04E2966A29E96C650071B3F8 /* Release */,
			);
			defaultConfigurationIsVisible = 0;
			defaultConfigurationName = Release;
		};
/* End XCConfigurationList section */
	};
	rootObject = 04E2963629E96C600071B3F8 /* Project object */;
}
